<?xml version="1.0" encoding="utf-8"?>
<Project ToolsVersion="4.0" xmlns="http://schemas.microsoft.com/developer/msbuild/2003">
  <ItemGroup>
    <Filter Include="Source Files">
      <UniqueIdentifier>{4FC737F1-C7A5-4376-A066-2A32D752A2FF}</UniqueIdentifier>
      <Extensions>cpp;c;cc;cxx;def;odl;idl;hpj;bat;asm;asmx</Extensions>
    </Filter>
    <Filter Include="Header Files">
      <UniqueIdentifier>{93995380-89BD-4b04-88EB-625FBE52EBFB}</UniqueIdentifier>
      <Extensions>h;hh;hpp;hxx;hm;inl;inc;xsd</Extensions>
    </Filter>
    <Filter Include="Resource Files">
      <UniqueIdentifier>{D9D6E242-F8AF-46E4-B9FD-80ECBC20BA3E}</UniqueIdentifier>
      <Extensions>qrc;*</Extensions>
      <ParseFiles>false</ParseFiles>
    </Filter>
    <Filter Include="Form Files">
      <UniqueIdentifier>{99349809-55BA-4b9d-BF79-8FDBB0286EB3}</UniqueIdentifier>
      <Extensions>ui</Extensions>
    </Filter>
    <Filter Include="Resource Files">
      <UniqueIdentifier>{D9D6E242-F8AF-46E4-B9FD-80ECBC20BA3E}</UniqueIdentifier>
      <Extensions>qrc;*</Extensions>
      <ParseFiles>false</ParseFiles>
    </Filter>
    <Filter Include="Generated Files">
      <UniqueIdentifier>{71ED8ED8-ACB9-4CE9-BBE1-E00B30144E11}</UniqueIdentifier>
      <Extensions>moc;h;cpp</Extensions>
      <SourceControlFiles>False</SourceControlFiles>
    </Filter>
    <Filter Include="Header Files\Classes simulateur">
      <UniqueIdentifier>{ade53fb9-5ddd-4225-b902-6c4a3b3f5793}</UniqueIdentifier>
    </Filter>
    <Filter Include="Source Files\Classes simulateur">
      <UniqueIdentifier>{c0ba47a6-4c85-4cb0-a6d6-3b1965771855}</UniqueIdentifier>
    </Filter>
    <Filter Include="Header Files\Classes simulateur\Environnement">
      <UniqueIdentifier>{6ed98477-010a-4a26-895b-fd58131ba86b}</UniqueIdentifier>
    </Filter>
    <Filter Include="Source Files\Classes simulateur\Environnement">
      <UniqueIdentifier>{154bcefd-a080-4196-8b13-533f206c79c7}</UniqueIdentifier>
    </Filter>
    <Filter Include="Header Files\Classes simulateur\Vivants">
      <UniqueIdentifier>{aa4dfb20-9e7f-4865-8309-142a1bfd797e}</UniqueIdentifier>
    </Filter>
    <Filter Include="Source Files\Classes simulateur\Vivants">
      <UniqueIdentifier>{6f3a548d-03e6-499e-b052-d835a42dbe86}</UniqueIdentifier>
    </Filter>
    <Filter Include="Header Files\Classes simulateur\Vivants\Animal">
      <UniqueIdentifier>{4f524460-6938-41ab-a932-7b57db72514c}</UniqueIdentifier>
    </Filter>
    <Filter Include="Source Files\Classes simulateur\Vivants\Animal">
      <UniqueIdentifier>{442c4da0-cb17-4e4e-a857-a144a12cdf0a}</UniqueIdentifier>
    </Filter>
  </ItemGroup>
  <ItemGroup>
    <ClCompile Include="main.cpp">
      <Filter>Source Files</Filter>
    </ClCompile>
    <ClCompile Include="stdafx.cpp">
      <Filter>Source Files</Filter>
    </ClCompile>
    <ClCompile Include="SimulationMainWindow.cpp">
      <Filter>Source Files</Filter>
    </ClCompile>
    <ClCompile Include="ClassesSimulateur\Environement.cpp">
      <Filter>Source Files\Classes simulateur\Environnement</Filter>
    </ClCompile>
    <ClCompile Include="ClassesSimulateur\Grid.cpp">
      <Filter>Source Files\Classes simulateur\Environnement</Filter>
    </ClCompile>
    <ClCompile Include="ClassesSimulateur\Terrain.cpp">
      <Filter>Source Files\Classes simulateur\Environnement</Filter>
    </ClCompile>
    <ClCompile Include="ClassesSimulateur\Vivant.cpp">
      <Filter>Source Files\Classes simulateur\Vivants</Filter>
    </ClCompile>
    <ClCompile Include="ClassesSimulateur\Coordonne.cpp">
      <Filter>Source Files\Classes simulateur\Vivants</Filter>
    </ClCompile>
    <ClCompile Include="ClassesSimulateur\Plante.cpp">
      <Filter>Source Files\Classes simulateur\Vivants</Filter>
    </ClCompile>
    <ClCompile Include="ClassesSimulateur\Animal.cpp">
      <Filter>Source Files\Classes simulateur\Vivants\Animal</Filter>
    </ClCompile>
    <ClCompile Include="ClassesSimulateur\Carnivore.cpp">
      <Filter>Source Files\Classes simulateur\Vivants\Animal</Filter>
    </ClCompile>
    <ClCompile Include="ClassesSimulateur\Charogne.cpp">
      <Filter>Source Files\Classes simulateur\Vivants\Animal</Filter>
    </ClCompile>
    <ClCompile Include="ClassesSimulateur\Herbivore.cpp">
      <Filter>Source Files\Classes simulateur\Vivants\Animal</Filter>
    </ClCompile>
    <ClCompile Include="ClassesSimulateur\Meute.cpp">
      <Filter>Source Files\Classes simulateur\Vivants\Animal</Filter>
    </ClCompile>
    <ClCompile Include="PerlinNoiseGenerator.cpp">
      <Filter>Source Files</Filter>
    </ClCompile>
    <ClCompile Include="ClassesSimulateur\Orientation.cpp">
      <Filter>Source Files\Classes simulateur\Vivants\Animal</Filter>
    </ClCompile>
    <ClCompile Include="FonctionsGenerales.cpp">
      <Filter>Source Files</Filter>
    </ClCompile>
  </ItemGroup>
  <ItemGroup>
    <ClInclude Include="stdafx.h">
      <Filter>Header Files</Filter>
    </ClInclude>
    <ClInclude Include="ClassesSimulateur\Environement.h">
      <Filter>Header Files\Classes simulateur\Environnement</Filter>
    </ClInclude>
    <ClInclude Include="ClassesSimulateur\Grid.h">
      <Filter>Header Files\Classes simulateur\Environnement</Filter>
    </ClInclude>
    <ClInclude Include="ClassesSimulateur\Terrain.h">
      <Filter>Header Files\Classes simulateur\Environnement</Filter>
    </ClInclude>
    <ClInclude Include="ClassesSimulateur\Vivant.h">
      <Filter>Header Files\Classes simulateur\Vivants</Filter>
    </ClInclude>
    <ClInclude Include="ClassesSimulateur\Plante.h">
      <Filter>Header Files\Classes simulateur\Vivants</Filter>
    </ClInclude>
    <ClInclude Include="ClassesSimulateur\Animal.h">
      <Filter>Header Files\Classes simulateur\Vivants\Animal</Filter>
    </ClInclude>
    <ClInclude Include="ClassesSimulateur\Carnivore.h">
      <Filter>Header Files\Classes simulateur\Vivants\Animal</Filter>
    </ClInclude>
    <ClInclude Include="ClassesSimulateur\Charogne.h">
      <Filter>Header Files\Classes simulateur\Vivants\Animal</Filter>
    </ClInclude>
    <ClInclude Include="ClassesSimulateur\Herbivore.h">
      <Filter>Header Files\Classes simulateur\Vivants\Animal</Filter>
    </ClInclude>
    <ClInclude Include="ClassesSimulateur\Meute.h">
      <Filter>Header Files\Classes simulateur\Vivants\Animal</Filter>
    </ClInclude>
    <ClInclude Include="constantes.h">
      <Filter>Header Files</Filter>
    </ClInclude>
    <ClInclude Include="PerlinNoiseGenerator.h">
      <Filter>Header Files</Filter>
    </ClInclude>
    <ClInclude Include="ClassesSimulateur\Orientation.h">
      <Filter>Header Files\Classes simulateur\Vivants\Animal</Filter>
    </ClInclude>
    <ClInclude Include="ClassesSimulateur\Coordonne.h">
      <Filter>Header Files\Classes simulateur\Vivants</Filter>
    </ClInclude>
    <ClInclude Include="FonctionsGenerales.h">
      <Filter>Header Files</Filter>
    </ClInclude>
  </ItemGroup>
  <ItemGroup>
    <QtMoc Include="SimulationMainWindow.h">
      <Filter>Header Files</Filter>
    </QtMoc>
  </ItemGroup>
  <ItemGroup>
    <QtUic Include="SimulationMainWindow.ui">
      <Filter>Form Files</Filter>
    </QtUic>
  </ItemGroup>
  <ItemGroup>
    <QtRcc Include="SimulationMainWindow.qrc">
      <Filter>Resource Files</Filter>
    </QtRcc>
  </ItemGroup>
</Project>